{
    "name": "com.test.authapp",
    "version": "1.0.0",
    "lockfileVersion": 1,
    "requires": true,
    "dependencies": {
        "@auth0/cordova": {
            "version": "0.3.0",
            "resolved": "https://registry.npmjs.org/@auth0/cordova/-/cordova-0.3.0.tgz",
            "integrity": "sha512-yRSRso2owQ7CRtxg8MMABDM2fYO6g6P3QWpAtQSDW6DPs4jl5soOU1MqX43pNDn9v/pk4MjG6BVJgUp+aM531A==",
            "requires": {
                "auth0-js": "9.3.3",
                "url-parse": "1.2.0"
            }
        },
        "asynckit": {
            "version": "0.4.0",
            "resolved": "https://registry.npmjs.org/asynckit/-/asynckit-0.4.0.tgz",
            "integrity": "sha1-x57Zf380y48robyXkLzDZkdLS3k="
        },
        "auth0-js": {
            "version": "9.3.3",
            "resolved": "https://registry.npmjs.org/auth0-js/-/auth0-js-9.3.3.tgz",
            "integrity": "sha1-xFc//vuhAhcZgtSiBE6t5zuqG40=",
            "requires": {
                "base64-js": "1.2.3",
                "idtoken-verifier": "1.1.2",
                "qs": "6.5.1",
                "superagent": "3.8.2",
                "url-join": "1.1.0",
                "winchan": "0.2.0"
            }
        },
        "axios": {
            "version": "0.18.0",
            "resolved": "https://registry.npmjs.org/axios/-/axios-0.18.0.tgz",
            "integrity": "sha1-MtU+SFHv3AoRmTts0AB4nXDAUQI=",
            "requires": {
                "follow-redirects": "1.4.1",
                "is-buffer": "1.1.6"
            }
        },
        "base64-js": {
            "version": "1.2.3",
            "resolved": "https://registry.npmjs.org/base64-js/-/base64-js-1.2.3.tgz",
            "integrity": "sha512-MsAhsUW1GxCdgYSO6tAfZrNapmUKk7mWx/k5mFY/A1gBtkaCaNapTg+FExCw1r9yeaZhqx/xPg43xgTFH6KL5w=="
        },
        "combined-stream": {
            "version": "1.0.6",
            "resolved": "https://registry.npmjs.org/combined-stream/-/combined-stream-1.0.6.tgz",
            "integrity": "sha1-cj599ugBrFYTETp+RFqbactjKBg=",
            "requires": {
                "delayed-stream": "1.0.0"
            }
        },
        "component-emitter": {
            "version": "1.2.1",
            "resolved": "https://registry.npmjs.org/component-emitter/-/component-emitter-1.2.1.tgz",
            "integrity": "sha1-E3kY1teCg/ffemt8WmPhQOaUJeY="
        },
        "cookiejar": {
            "version": "2.1.1",
            "resolved": "https://registry.npmjs.org/cookiejar/-/cookiejar-2.1.1.tgz",
            "integrity": "sha1-Qa1XsbVVlR7BcUEqgZQrHoIA00o="
        },
        "cordova-android": {
            "version": "7.0.0",
            "resolved": "https://registry.npmjs.org/cordova-android/-/cordova-android-7.0.0.tgz",
            "integrity": "sha1-yVvt/PvDhjsYDE0p7/7E95Nh0Z0=",
            "requires": {
                "android-versions": "1.2.1",
                "cordova-common": "2.2.0",
                "elementtree": "0.1.6",
                "nopt": "3.0.6",
                "properties-parser": "0.2.3",
                "q": "1.5.1",
                "shelljs": "0.5.3"
            },
            "dependencies": {
                "abbrev": {
                    "version": "1.1.1",
                    "bundled": true
                },
                "android-versions": {
                    "version": "1.2.1",
                    "bundled": true
                },
                "ansi": {
                    "version": "0.3.1",
                    "bundled": true
                },
                "balanced-match": {
                    "version": "1.0.0",
                    "bundled": true
                },
                "base64-js": {
                    "version": "0.0.8",
                    "bundled": true
                },
                "big-integer": {
                    "version": "1.6.26",
                    "bundled": true
                },
                "bplist-parser": {
                    "version": "0.1.1",
                    "bundled": true,
                    "requires": {
                        "big-integer": "1.6.26"
                    }
                },
                "brace-expansion": {
                    "version": "1.1.8",
                    "bundled": true,
                    "requires": {
                        "balanced-match": "1.0.0",
                        "concat-map": "0.0.1"
                    }
                },
                "concat-map": {
                    "version": "0.0.1",
                    "bundled": true
                },
                "cordova-common": {
                    "version": "2.2.0",
                    "bundled": true,
                    "requires": {
                        "ansi": "0.3.1",
                        "bplist-parser": "0.1.1",
                        "cordova-registry-mapper": "1.1.15",
                        "elementtree": "0.1.6",
                        "glob": "5.0.15",
                        "minimatch": "3.0.4",
                        "osenv": "0.1.4",
                        "plist": "1.2.0",
                        "q": "1.5.1",
                        "semver": "5.4.1",
                        "shelljs": "0.5.3",
                        "underscore": "1.8.3",
                        "unorm": "1.4.1"
                    }
                },
                "cordova-registry-mapper": {
                    "version": "1.1.15",
                    "bundled": true
                },
                "elementtree": {
                    "version": "0.1.6",
                    "bundled": true,
                    "requires": {
                        "sax": "0.3.5"
                    }
                },
                "glob": {
                    "version": "5.0.15",
                    "bundled": true,
                    "requires": {
                        "inflight": "1.0.6",
                        "inherits": "2.0.3",
                        "minimatch": "3.0.4",
                        "once": "1.4.0",
                        "path-is-absolute": "1.0.1"
                    }
                },
                "inflight": {
                    "version": "1.0.6",
                    "bundled": true,
                    "requires": {
                        "once": "1.4.0",
                        "wrappy": "1.0.2"
                    }
                },
                "inherits": {
                    "version": "2.0.3",
                    "bundled": true
                },
                "lodash": {
                    "version": "3.10.1",
                    "bundled": true
                },
                "minimatch": {
                    "version": "3.0.4",
                    "bundled": true,
                    "requires": {
                        "brace-expansion": "1.1.8"
                    }
                },
                "nopt": {
                    "version": "3.0.6",
                    "bundled": true,
                    "requires": {
                        "abbrev": "1.1.1"
                    }
                },
                "once": {
                    "version": "1.4.0",
                    "bundled": true,
                    "requires": {
                        "wrappy": "1.0.2"
                    }
                },
                "os-homedir": {
                    "version": "1.0.2",
                    "bundled": true
                },
                "os-tmpdir": {
                    "version": "1.0.2",
                    "bundled": true
                },
                "osenv": {
                    "version": "0.1.4",
                    "bundled": true,
                    "requires": {
                        "os-homedir": "1.0.2",
                        "os-tmpdir": "1.0.2"
                    }
                },
                "path-is-absolute": {
                    "version": "1.0.1",
                    "bundled": true
                },
                "plist": {
                    "version": "1.2.0",
                    "bundled": true,
                    "requires": {
                        "base64-js": "0.0.8",
                        "util-deprecate": "1.0.2",
                        "xmlbuilder": "4.0.0",
                        "xmldom": "0.1.27"
                    }
                },
                "properties-parser": {
                    "version": "0.2.3",
                    "bundled": true
                },
                "q": {
                    "version": "1.5.1",
                    "bundled": true
                },
                "sax": {
                    "version": "0.3.5",
                    "bundled": true
                },
                "semver": {
                    "version": "5.4.1",
                    "bundled": true
                },
                "shelljs": {
                    "version": "0.5.3",
                    "bundled": true
                },
                "underscore": {
                    "version": "1.8.3",
                    "bundled": true
                },
                "unorm": {
                    "version": "1.4.1",
                    "bundled": true
                },
                "util-deprecate": {
                    "version": "1.0.2",
                    "bundled": true
                },
                "wrappy": {
                    "version": "1.0.2",
                    "bundled": true
                },
                "xmlbuilder": {
                    "version": "4.0.0",
                    "bundled": true,
                    "requires": {
                        "lodash": "3.10.1"
                    }
                },
                "xmldom": {
                    "version": "0.1.27",
                    "bundled": true
                }
            }
        },
        "cordova-plugin-background-mode": {
            "version": "0.7.2",
            "resolved": "https://registry.npmjs.org/cordova-plugin-background-mode/-/cordova-plugin-background-mode-0.7.2.tgz",
            "integrity": "sha1-6vVjnAZahyMbPs91em4osQHQMy8="
        },
        "cordova-plugin-crosswalk-webview": {
            "version": "2.4.0",
            "resolved": "https://registry.npmjs.org/cordova-plugin-crosswalk-webview/-/cordova-plugin-crosswalk-webview-2.4.0.tgz",
            "integrity": "sha512-XoUBv7RHvOWMKtI5mwSUzZDgStTaFfRlmZeC1cgicel6cX88IFMr+qqECix5V/xlutiLgEv34rxP4jR3Br19Cg=="
        },
        "cordova-plugin-customurlscheme": {
            "version": "4.3.0",
            "resolved": "https://registry.npmjs.org/cordova-plugin-customurlscheme/-/cordova-plugin-customurlscheme-4.3.0.tgz",
            "integrity": "sha1-Avlod4tAk5kOsEB/P6GxRY1wX5Q="
        },
        "cordova-plugin-device": {
            "version": "2.0.1",
            "resolved": "https://registry.npmjs.org/cordova-plugin-device/-/cordova-plugin-device-2.0.1.tgz",
            "integrity": "sha1-m54jE+aCEZ/4QC9oCWo4vMUBNZM="
        },
        "cordova-plugin-dialogs": {
            "version": "2.0.1",
            "resolved": "https://registry.npmjs.org/cordova-plugin-dialogs/-/cordova-plugin-dialogs-2.0.1.tgz",
            "integrity": "sha1-N/7xUSWWyNXflUP7eHJFkPdn3PM="
        },
        "cordova-plugin-googleplus": {
            "version": "5.2.1",
            "resolved": "https://registry.npmjs.org/cordova-plugin-googleplus/-/cordova-plugin-googleplus-5.2.1.tgz",
            "integrity": "sha1-jcR9uebl6fTt4FXkXYFxu+zTIGA="
        },
        "cordova-plugin-safariviewcontroller": {
            "version": "1.5.3",
            "resolved": "https://registry.npmjs.org/cordova-plugin-safariviewcontroller/-/cordova-plugin-safariviewcontroller-1.5.3.tgz",
            "integrity": "sha1-JOInVdk8eP5wpaw2672x2D4zn/o="
        },
        "cordova-plugin-x-toast": {
            "version": "2.6.2",
            "resolved": "https://registry.npmjs.org/cordova-plugin-x-toast/-/cordova-plugin-x-toast-2.6.2.tgz",
            "integrity": "sha1-Clj8/5Vwi3htMVGlp/Kgp74Ge5g="
        },
        "core-util-is": {
            "version": "1.0.2",
            "resolved": "https://registry.npmjs.org/core-util-is/-/core-util-is-1.0.2.tgz",
            "integrity": "sha1-tf1UIgqivFq1eqtxQMlAdUUDwac="
        },
        "crypto-js": {
            "version": "3.1.9-1",
            "resolved": "https://registry.npmjs.org/crypto-js/-/crypto-js-3.1.9-1.tgz",
            "integrity": "sha1-/aGedh/Ad+Af+/3G6f38WeiAbNg="
        },
        "debug": {
            "version": "3.1.0",
            "resolved": "https://registry.npmjs.org/debug/-/debug-3.1.0.tgz",
            "integrity": "sha512-OX8XqP7/1a9cqkxYw2yXss15f26NKWBpDXQd0/uK/KPqdQhxbPa994hnzjcE2VqQpDslf55723cKPUOGSmMY3g==",
            "requires": {
                "ms": "2.0.0"
            }
        },
        "delayed-stream": {
            "version": "1.0.0",
            "resolved": "https://registry.npmjs.org/delayed-stream/-/delayed-stream-1.0.0.tgz",
            "integrity": "sha1-3zrhmayt+31ECqrgsp4icrJOxhk="
        },
        "extend": {
            "version": "3.0.1",
            "resolved": "https://registry.npmjs.org/extend/-/extend-3.0.1.tgz",
            "integrity": "sha1-p1Xqe8Gt/MWjHOfnYtuq3F5jZEQ="
        },
        "follow-redirects": {
            "version": "1.4.1",
            "resolved": "https://registry.npmjs.org/follow-redirects/-/follow-redirects-1.4.1.tgz",
            "integrity": "sha512-uxYePVPogtya1ktGnAAXOacnbIuRMB4dkvqeNz2qTtTQsuzSfbDolV+wMMKxAmCx0bLgAKLbBOkjItMbbkR1vg==",
            "requires": {
                "debug": "3.1.0"
            }
        },
        "form-data": {
            "version": "2.3.2",
            "resolved": "https://registry.npmjs.org/form-data/-/form-data-2.3.2.tgz",
            "integrity": "sha1-SXBJi+YEwgwAXU9cI67NIda0kJk=",
            "requires": {
                "asynckit": "0.4.0",
                "combined-stream": "1.0.6",
                "mime-types": "2.1.18"
            }
        },
        "formidable": {
            "version": "1.2.0",
            "resolved": "https://registry.npmjs.org/formidable/-/formidable-1.2.0.tgz",
            "integrity": "sha512-hr9aT30rAi7kf8Q2aaTpSP7xGMhlJ+MdrUDVZs3rxbD3L/K46A86s2VY7qC2D2kGYGBtiT/3j6wTx1eeUq5xAQ=="
        },
        "idtoken-verifier": {
            "version": "1.1.2",
            "resolved": "https://registry.npmjs.org/idtoken-verifier/-/idtoken-verifier-1.1.2.tgz",
            "integrity": "sha512-ORJQX8e7EvQ/Gr2Wzt9ENU0SlLj1jZt3KdaLcjNmO7VHhlsPgwItuGmtGdg4wphmdCYfaR2VBbxTNGUNXJsM0Q==",
            "requires": {
                "base64-js": "1.2.3",
                "crypto-js": "3.1.9-1",
                "jsbn": "0.1.1",
                "superagent": "3.8.2",
                "url-join": "1.1.0"
            }
        },
        "inherits": {
            "version": "2.0.3",
            "resolved": "https://registry.npmjs.org/inherits/-/inherits-2.0.3.tgz",
            "integrity": "sha1-Yzwsg+PaQqUC9SRmAiSA9CCCYd4="
        },
        "is-buffer": {
            "version": "1.1.6",
            "resolved": "https://registry.npmjs.org/is-buffer/-/is-buffer-1.1.6.tgz",
            "integrity": "sha512-NcdALwpXkTm5Zvvbk7owOUSvVvBKDgKP5/ewfXEznmQFfs4ZRmanOeKBTjRVjka3QFoN6XJ+9F3USqfHqTaU5w=="
        },
        "isarray": {
            "version": "1.0.0",
            "resolved": "https://registry.npmjs.org/isarray/-/isarray-1.0.0.tgz",
            "integrity": "sha1-u5NdSFgsuhaMBoNJV6VKPgcSTxE="
        },
        "jsbn": {
            "version": "0.1.1",
            "resolved": "https://registry.npmjs.org/jsbn/-/jsbn-0.1.1.tgz",
            "integrity": "sha1-peZUwuWi3rXyAdls77yoDA7y9RM="
        },
        "methods": {
            "version": "1.1.2",
            "resolved": "https://registry.npmjs.org/methods/-/methods-1.1.2.tgz",
            "integrity": "sha1-VSmk1nZUE07cxSZmVoNbD4Ua/O4="
        },
        "mime": {
            "version": "1.6.0",
            "resolved": "https://registry.npmjs.org/mime/-/mime-1.6.0.tgz",
            "integrity": "sha512-x0Vn8spI+wuJ1O6S7gnbaQg8Pxh4NNHb7KSINmEWKiPE4RKOplvijn+NkmYmmRgP68mc70j2EbeTFRsrswaQeg=="
        },
        "mime-db": {
            "version": "1.33.0",
            "resolved": "https://registry.npmjs.org/mime-db/-/mime-db-1.33.0.tgz",
            "integrity": "sha512-BHJ/EKruNIqJf/QahvxwQZXKygOQ256myeN/Ew+THcAa5q+PjyTTMMeNQC4DZw5AwfvelsUrA6B67NKMqXDbzQ=="
        },
        "mime-types": {
            "version": "2.1.18",
            "resolved": "https://registry.npmjs.org/mime-types/-/mime-types-2.1.18.tgz",
            "integrity": "sha512-lc/aahn+t4/SWV/qcmumYjymLsWfN3ELhpmVuUFjgsORruuZPVSwAQryq+HHGvO/SI2KVX26bx+En+zhM8g8hQ==",
            "requires": {
                "mime-db": "1.33.0"
            }
        },
        "ms": {
            "version": "2.0.0",
            "resolved": "https://registry.npmjs.org/ms/-/ms-2.0.0.tgz",
            "integrity": "sha1-VgiurfwAvmwpAd9fmGF4jeDVl8g="
        },
        "process-nextick-args": {
            "version": "2.0.0",
            "resolved": "https://registry.npmjs.org/process-nextick-args/-/process-nextick-args-2.0.0.tgz",
            "integrity": "sha512-MtEC1TqN0EU5nephaJ4rAtThHtC86dNN9qCuEhtshvpVBkAW5ZO7BASN9REnF9eoXGcRub+pFuKEpOHE+HbEMw=="
        },
        "qs": {
            "version": "6.5.1",
            "resolved": "https://registry.npmjs.org/qs/-/qs-6.5.1.tgz",
            "integrity": "sha512-eRzhrN1WSINYCDCbrz796z37LOe3m5tmW7RQf6oBntukAG1nmovJvhnwHHRMAfeoItc1m2Hk02WER2aQ/iqs+A=="
        },
        "querystringify": {
            "version": "1.0.0",
            "resolved": "https://registry.npmjs.org/querystringify/-/querystringify-1.0.0.tgz",
            "integrity": "sha1-YoYkIRLFtxL6ZU5SZlK/ahP/Bcs="
        },
        "readable-stream": {
            "version": "2.3.5",
            "resolved": "https://registry.npmjs.org/readable-stream/-/readable-stream-2.3.5.tgz",
            "integrity": "sha512-tK0yDhrkygt/knjowCUiWP9YdV7c5R+8cR0r/kt9ZhBU906Fs6RpQJCEilamRJj1Nx2rWI6LkW9gKqjTkshhEw==",
            "requires": {
                "core-util-is": "1.0.2",
                "inherits": "2.0.3",
                "isarray": "1.0.0",
                "process-nextick-args": "2.0.0",
                "safe-buffer": "5.1.1",
                "string_decoder": "1.0.3",
                "util-deprecate": "1.0.2"
            }
        },
        "requires-port": {
            "version": "1.0.0",
            "resolved": "https://registry.npmjs.org/requires-port/-/requires-port-1.0.0.tgz",
            "integrity": "sha1-kl0mAdOaxIXgkc8NpcbmlNw9yv8="
        },
        "safe-buffer": {
            "version": "5.1.1",
            "resolved": "https://registry.npmjs.org/safe-buffer/-/safe-buffer-5.1.1.tgz",
            "integrity": "sha512-kKvNJn6Mm93gAczWVJg7wH+wGYWNrDHdWvpUmHyEsgCtIwwo3bqPtV4tR5tuPaUhTOo/kvhVwd8XwwOllGYkbg=="
        },
        "string_decoder": {
            "version": "1.0.3",
            "resolved": "https://registry.npmjs.org/string_decoder/-/string_decoder-1.0.3.tgz",
            "integrity": "sha512-4AH6Z5fzNNBcH+6XDMfA/BTt87skxqJlO0lAh3Dker5zThcAxG6mKz+iGu308UKoPPQ8Dcqx/4JhujzltRa+hQ==",
            "requires": {
                "safe-buffer": "5.1.1"
            }
        },
        "superagent": {
            "version": "3.8.2",
            "resolved": "https://registry.npmjs.org/superagent/-/superagent-3.8.2.tgz",
            "integrity": "sha512-gVH4QfYHcY3P0f/BZzavLreHW3T1v7hG9B+hpMQotGQqurOvhv87GcMCd6LWySmBuf+BDR44TQd0aISjVHLeNQ==",
            "requires": {
                "component-emitter": "1.2.1",
                "cookiejar": "2.1.1",
                "debug": "3.1.0",
                "extend": "3.0.1",
                "form-data": "2.3.2",
                "formidable": "1.2.0",
                "methods": "1.1.2",
                "mime": "1.6.0",
                "qs": "6.5.1",
                "readable-stream": "2.3.5"
            }
        },
        "url-join": {
            "version": "1.1.0",
            "resolved": "https://registry.npmjs.org/url-join/-/url-join-1.1.0.tgz",
            "integrity": "sha1-dBxsL0WWxIMNZxhGCSDQySIC3Hg="
        },
        "url-parse": {
            "version": "1.2.0",
            "resolved": "https://registry.npmjs.org/url-parse/-/url-parse-1.2.0.tgz",
            "integrity": "sha512-DT1XbYAfmQP65M/mE6OALxmXzZ/z1+e5zk2TcSKe/KiYbNGZxgtttzC0mR/sjopbpOXcbniq7eIKmocJnUWlEw==",
            "requires": {
                "querystringify": "1.0.0",
                "requires-port": "1.0.0"
            }
        },
        "util-deprecate": {
            "version": "1.0.2",
            "resolved": "https://registry.npmjs.org/util-deprecate/-/util-deprecate-1.0.2.tgz",
            "integrity": "sha1-RQ1Nyfpw3nMnYvvS1KKJgUGaDM8="
        },
        "winchan": {
            "version": "0.2.0",
            "resolved": "https://registry.npmjs.org/winchan/-/winchan-0.2.0.tgz",
            "integrity": "sha1-OGMCjn+XSw2hQS8oQXukJJcqvZQ="
        }
    }
}
